version: 2
hub:
    repo: https://github.com/muonsoft/skills.git
    ref: main
    commit: 27456e72cdde70c0b5c7b866f80e3449c3dfaa18
preset: desktop-app
include:
    - theme: backend/go
    - id: web-static-frontend
    - id: ux-form-practices
exclude:
    - id: api-conventions
    - id: backend-structure
target_path: .agents/skills
selected_paths:
    - agent-memory-usage
    - closeout
    - database-migrations
    - golang-errors
    - golang-logging
    - golang-tests
    - golang-validation
    - mcp-tool-input-schema
    - runnable-background-processes
    - task-delegation
    - ux-form-practices
    - web-static-frontend
hashes:
    agent-memory-usage: sha256:ad73f95434d1de4f2cd1abbf93865f61a6ff4eb9f0f2d02f6e3f7d92da1360f4
    closeout: sha256:6457b351aa4e6d3a922bd2d6cf66fa4cec35fa72124bb4963802316aa31ee180
    database-migrations: sha256:118ce23f4e0e7ccea54c898798d1678dc05e2b9127ad3b44a863be9a59f8bd57
    golang-errors: sha256:edfadb39be2294f33b43200e73498828a8ca763f89370edb0e223e2fea60bb96
    golang-logging: sha256:783a784cbb4b0e3463466a21f811f677e5e7bd9df6a022656f25fdc13e243605
    golang-tests: sha256:1d9becc1ebbdfe00832119dfa5da30467e6c2597676b061350f1f257a384ea96
    golang-validation: sha256:376162500fef4d60e8726cf6cc34c38e61b32c7cc8aacc2105a4ae1d738da17d
    mcp-tool-input-schema: sha256:313b1ce465ff6894ac82292d194155846c27b4fadab89e1b71899acdb65ad452
    runnable-background-processes: sha256:4dc5a488f4ce172607270d1130651ce75df2704fe9738757ddc5e214e7abf672
    task-delegation: sha256:857fd4051b37a4b24b153c26ab3a078cf5f439a1838b4a1f77f1faae87c10189
    ux-form-practices: sha256:98f9e73be244c07963c1b0c6d6e4b39ffe6b3366410a0cfaf593e5542935f209
    web-static-frontend: sha256:87f308edc1270d25cf4ee0621e055f1c1f983609f019a8e9ee1af7fd5500bb56
